
Microsoft Visual Studio Solution File, Format Version 12.00
# Visual Studio Version 17
VisualStudioVersion = 17.1.32228.430
MinimumVisualStudioVersion = 10.0.40219.1
Project("{FAE04EC0-301F-11D3-BF4B-00C04F79EFBC}") = "EntriesApi.Android", "EntriesApi\EntriesApi.Android\EntriesApi.Android.csproj", "{6C58B5F7-6438-442C-8154-838FBD21F5C9}"
EndProject
Project("{FAE04EC0-301F-11D3-BF4B-00C04F79EFBC}") = "EntriesApi", "EntriesApi\EntriesApi\EntriesApi.csproj", "{41B0DD3D-61A7-4E50-BF69-289AAD8722C1}"
EndProject
Global
	GlobalSection(SolutionConfigurationPlatforms) = preSolution
		Debug|Any CPU = Debug|Any CPU
		Release|Any CPU = Release|Any CPU
	EndGlobalSection
	GlobalSection(ProjectConfigurationPlatforms) = postSolution
		{6C58B5F7-6438-442C-8154-838FBD21F5C9}.Debug|Any CPU.ActiveCfg = Debug|Any CPU
		{6C58B5F7-6438-442C-8154-838FBD21F5C9}.Debug|Any CPU.Build.0 = Debug|Any CPU
		{6C58B5F7-6438-442C-8154-838FBD21F5C9}.Debug|Any CPU.Deploy.0 = Debug|Any CPU
		{6C58B5F7-6438-442C-8154-838FBD21F5C9}.Release|Any CPU.ActiveCfg = Release|Any CPU
		{6C58B5F7-6438-442C-8154-838FBD21F5C9}.Release|Any CPU.Build.0 = Release|Any CPU
		{6C58B5F7-6438-442C-8154-838FBD21F5C9}.Release|Any CPU.Deploy.0 = Release|Any CPU
		{41B0DD3D-61A7-4E50-BF69-289AAD8722C1}.Debug|Any CPU.ActiveCfg = Debug|Any CPU
		{41B0DD3D-61A7-4E50-BF69-289AAD8722C1}.Debug|Any CPU.Build.0 = Debug|Any CPU
		{41B0DD3D-61A7-4E50-BF69-289AAD8722C1}.Debug|Any CPU.Deploy.0 = Debug|Any CPU
		{41B0DD3D-61A7-4E50-BF69-289AAD8722C1}.Release|Any CPU.ActiveCfg = Release|Any CPU
		{41B0DD3D-61A7-4E50-BF69-289AAD8722C1}.Release|Any CPU.Build.0 = Release|Any CPU
		{41B0DD3D-61A7-4E50-BF69-289AAD8722C1}.Release|Any CPU.Deploy.0 = Release|Any CPU
	EndGlobalSection
	GlobalSection(SolutionProperties) = preSolution
		HideSolutionNode = FALSE
	EndGlobalSection
	GlobalSection(ExtensibilityGlobals) = postSolution
		SolutionGuid = {7A2B980B-CDE4-4BA1-8CB9-3522E1E93C0F}
	EndGlobalSection
EndGlobal
